
Microsoft Visual Studio Solution File, Format Version 12.00
# Visual Studio 15
VisualStudioVersion = 15.0.27130.2036
MinimumVisualStudioVersion = 10.0.40219.1
Project("{FAE04EC0-301F-11D3-BF4B-00C04F79EFBC}") = "reg_login_crud_gridview", "WebApplication2\reg_login_crud_gridview.csproj", "{FAE2BA25-2EE0-48F7-BA62-88B5930B1CBF}"
EndProject
Project("{FAE04EC0-301F-11D3-BF4B-00C04F79EFBC}") = "weather", "WebApplication4\weather.csproj", "{C3214201-2417-427A-BBD9-4E7CC57B2CD4}"
EndProject
Global
	GlobalSection(SolutionConfigurationPlatforms) = preSolution
		Debug|Any CPU = Debug|Any CPU
		Release|Any CPU = Release|Any CPU
	EndGlobalSection
	GlobalSection(ProjectConfigurationPlatforms) = postSolution
		{FAE2BA25-2EE0-48F7-BA62-88B5930B1CBF}.Debug|Any CPU.ActiveCfg = Debug|Any CPU
		{FAE2BA25-2EE0-48F7-BA62-88B5930B1CBF}.Debug|Any CPU.Build.0 = Debug|Any CPU
		{FAE2BA25-2EE0-48F7-BA62-88B5930B1CBF}.Release|Any CPU.ActiveCfg = Release|Any CPU
		{FAE2BA25-2EE0-48F7-BA62-88B5930B1CBF}.Release|Any CPU.Build.0 = Release|Any CPU
		{C3214201-2417-427A-BBD9-4E7CC57B2CD4}.Debug|Any CPU.ActiveCfg = Debug|Any CPU
		{C3214201-2417-427A-BBD9-4E7CC57B2CD4}.Debug|Any CPU.Build.0 = Debug|Any CPU
		{C3214201-2417-427A-BBD9-4E7CC57B2CD4}.Release|Any CPU.ActiveCfg = Release|Any CPU
		{C3214201-2417-427A-BBD9-4E7CC57B2CD4}.Release|Any CPU.Build.0 = Release|Any CPU
	EndGlobalSection
	GlobalSection(SolutionProperties) = preSolution
		HideSolutionNode = FALSE
	EndGlobalSection
	GlobalSection(ExtensibilityGlobals) = postSolution
		SolutionGuid = {18B69193-56CF-45D6-9C13-247C8BCBF952}
	EndGlobalSection
EndGlobal
